// !$*UTF8*$!
{
	archiveVersion = 1;
	classes = {
	};
	objectVersion = 55;
	objects = {

/* Begin PBXBuildFile section */
		2C37A84F27ED690B00C25099 /* GiverFilterSheet.swift in Sources */ = {isa = PBXBuildFile; fileRef = 2C37A84E27ED690B00C25099 /* GiverFilterSheet.swift */; };
		2C37A85127ED801100C25099 /* HalfSheetDrawer.swift in Sources */ = {isa = PBXBuildFile; fileRef = 2C37A85027ED801100C25099 /* HalfSheetDrawer.swift */; };
		2CC1594527EBDA2500ED73F3 /* GiverMainPage.swift in Sources */ = {isa = PBXBuildFile; fileRef = 2CC1594427EBDA2500ED73F3 /* GiverMainPage.swift */; };
		2CC1594727EBE6C800ED73F3 /* TabbarView.swift in Sources */ = {isa = PBXBuildFile; fileRef = 2CC1594627EBE6C800ED73F3 /* TabbarView.swift */; };
		2CC1594927EBE72F00ED73F3 /* addressSegment.swift in Sources */ = {isa = PBXBuildFile; fileRef = 2CC1594827EBE72F00ED73F3 /* addressSegment.swift */; };
		2CC1594B27EC00C900ED73F3 /* GiverDetailPage.swift in Sources */ = {isa = PBXBuildFile; fileRef = 2CC1594A27EC00C900ED73F3 /* GiverDetailPage.swift */; };
		2CC1594E27EC088400ED73F3 /* ReceiverRequestPage.swift in Sources */ = {isa = PBXBuildFile; fileRef = 2CC1594D27EC088400ED73F3 /* ReceiverRequestPage.swift */; };
		2CC1595027EC088F00ED73F3 /* ReceiverAddress.swift in Sources */ = {isa = PBXBuildFile; fileRef = 2CC1594F27EC088F00ED73F3 /* ReceiverAddress.swift */; };
		2CC1595227EC08A600ED73F3 /* HistoryMainPage.swift in Sources */ = {isa = PBXBuildFile; fileRef = 2CC1595127EC08A600ED73F3 /* HistoryMainPage.swift */; };
		2CC1595427EC08BD00ED73F3 /* SettingMainPage.swift in Sources */ = {isa = PBXBuildFile; fileRef = 2CC1595327EC08BD00ED73F3 /* SettingMainPage.swift */; };
		2CC24FF327EB9BC5009D9C4C /* HomePage.swift in Sources */ = {isa = PBXBuildFile; fileRef = 2CC24FF227EB9BC5009D9C4C /* HomePage.swift */; };
		2CC24FF527EB9BCD009D9C4C /* HomePushPage.swift in Sources */ = {isa = PBXBuildFile; fileRef = 2CC24FF427EB9BCD009D9C4C /* HomePushPage.swift */; };
		34EF1FB63A4884B39FB2655A /* Pods_doFavor.framework in Frameworks */ = {isa = PBXBuildFile; fileRef = 347E5189532FE774161D6794 /* Pods_doFavor.framework */; };
		8416920227E6A8CE00CBFF7B /* SignUpPage.swift in Sources */ = {isa = PBXBuildFile; fileRef = 841691FB27E6A8CE00CBFF7B /* SignUpPage.swift */; };
		8416920527E6A8CE00CBFF7B /* CustomNavBarStyle.swift in Sources */ = {isa = PBXBuildFile; fileRef = 841691FF27E6A8CE00CBFF7B /* CustomNavBarStyle.swift */; };
		8416920627E6A8CE00CBFF7B /* CustomTextFieldStyles.swift in Sources */ = {isa = PBXBuildFile; fileRef = 8416920127E6A8CE00CBFF7B /* CustomTextFieldStyles.swift */; };
		8416920827E7DFEE00CBFF7B /* UserModel.swift in Sources */ = {isa = PBXBuildFile; fileRef = 8416920727E7DFEE00CBFF7B /* UserModel.swift */; };
		8416920A27E7E08600CBFF7B /* AuthViewModel.swift in Sources */ = {isa = PBXBuildFile; fileRef = 8416920927E7E08600CBFF7B /* AuthViewModel.swift */; };
		8416920C27E7E81400CBFF7B /* doFavorError.swift in Sources */ = {isa = PBXBuildFile; fileRef = 8416920B27E7E81400CBFF7B /* doFavorError.swift */; };
		8416920E27E7EABE00CBFF7B /* AppUtils.swift in Sources */ = {isa = PBXBuildFile; fileRef = 8416920D27E7EABE00CBFF7B /* AppUtils.swift */; };
		8416921327E90A6100CBFF7B /* Focuser in Frameworks */ = {isa = PBXBuildFile; productRef = 8416921227E90A6100CBFF7B /* Focuser */; };
		8416921727E9240000CBFF7B /* VerifyCodeForm.swift in Sources */ = {isa = PBXBuildFile; fileRef = 8416921627E9240000CBFF7B /* VerifyCodeForm.swift */; };
		8416921927EA2A0500CBFF7B /* AppViews.swift in Sources */ = {isa = PBXBuildFile; fileRef = 8416921827EA2A0500CBFF7B /* AppViews.swift */; };
		8416921D27EA364900CBFF7B /* GoogleService-Info.plist in Resources */ = {isa = PBXBuildFile; fileRef = 8416921C27EA364900CBFF7B /* GoogleService-Info.plist */; };
		8416922327EA6EA500CBFF7B /* doFavorActivityIndicator.swift in Sources */ = {isa = PBXBuildFile; fileRef = 8416922227EA6EA400CBFF7B /* doFavorActivityIndicator.swift */; };
		8451745A27FE5028005A7DD0 /* TransactionViewModel.swift in Sources */ = {isa = PBXBuildFile; fileRef = 8451745927FE5028005A7DD0 /* TransactionViewModel.swift */; };
		8451745C27FE5039005A7DD0 /* TransactionModel.swift in Sources */ = {isa = PBXBuildFile; fileRef = 8451745B27FE5039005A7DD0 /* TransactionModel.swift */; };
		8451745E27FF3172005A7DD0 /* doFavorMainLoadingIndicator.swift in Sources */ = {isa = PBXBuildFile; fileRef = 8451745D27FF3172005A7DD0 /* doFavorMainLoadingIndicator.swift */; };
		8477F83927E1667200DAEBD9 /* SampleViewModel.swift in Sources */ = {isa = PBXBuildFile; fileRef = 8477F83827E1667200DAEBD9 /* SampleViewModel.swift */; };
		8477F83D27E166B400DAEBD9 /* SampleModel.swift in Sources */ = {isa = PBXBuildFile; fileRef = 8477F83C27E166B400DAEBD9 /* SampleModel.swift */; };
		8477F83F27E167D300DAEBD9 /* ExtensionsHelper.swift in Sources */ = {isa = PBXBuildFile; fileRef = 8477F83E27E167D300DAEBD9 /* ExtensionsHelper.swift */; };
		847900D527EA84C000D245EB /* AuthForm.swift in Sources */ = {isa = PBXBuildFile; fileRef = 847900D427EA84C000D245EB /* AuthForm.swift */; };
		847900D927EBBF9800D245EB /* Background.swift in Sources */ = {isa = PBXBuildFile; fileRef = 847900D827EBBF9800D245EB /* Background.swift */; };
		847900DD27EBC88F00D245EB /* SignUpVerify.swift in Sources */ = {isa = PBXBuildFile; fileRef = 847900DC27EBC88F00D245EB /* SignUpVerify.swift */; };
		847900DF27EBC8FC00D245EB /* ContentView.swift in Sources */ = {isa = PBXBuildFile; fileRef = 847900DE27EBC8FC00D245EB /* ContentView.swift */; };
		84C8CE9827E165990051D01F /* Constants.swift in Sources */ = {isa = PBXBuildFile; fileRef = 84C8CE9727E165990051D01F /* Constants.swift */; };
		84EDF74D27E15D8B0052022B /* doFavorApp.swift in Sources */ = {isa = PBXBuildFile; fileRef = 84EDF74C27E15D8B0052022B /* doFavorApp.swift */; };
		84EDF75127E15D8C0052022B /* Assets.xcassets in Resources */ = {isa = PBXBuildFile; fileRef = 84EDF75027E15D8C0052022B /* Assets.xcassets */; };
		84EDF75427E15D8C0052022B /* Preview Assets.xcassets in Resources */ = {isa = PBXBuildFile; fileRef = 84EDF75327E15D8C0052022B /* Preview Assets.xcassets */; };
/* End PBXBuildFile section */

/* Begin PBXFileReference section */
		2C37A84E27ED690B00C25099 /* GiverFilterSheet.swift */ = {isa = PBXFileReference; lastKnownFileType = sourcecode.swift; path = GiverFilterSheet.swift; sourceTree = "<group>"; };
		2C37A85027ED801100C25099 /* HalfSheetDrawer.swift */ = {isa = PBXFileReference; lastKnownFileType = sourcecode.swift; path = HalfSheetDrawer.swift; sourceTree = "<group>"; };
		2CC1594427EBDA2500ED73F3 /* GiverMainPage.swift */ = {isa = PBXFileReference; fileEncoding = 4; lastKnownFileType = sourcecode.swift; path = GiverMainPage.swift; sourceTree = "<group>"; };
		2CC1594627EBE6C800ED73F3 /* TabbarView.swift */ = {isa = PBXFileReference; lastKnownFileType = sourcecode.swift; path = TabbarView.swift; sourceTree = "<group>"; };
		2CC1594827EBE72F00ED73F3 /* addressSegment.swift */ = {isa = PBXFileReference; lastKnownFileType = sourcecode.swift; path = addressSegment.swift; sourceTree = "<group>"; };
		2CC1594A27EC00C900ED73F3 /* GiverDetailPage.swift */ = {isa = PBXFileReference; lastKnownFileType = sourcecode.swift; path = GiverDetailPage.swift; sourceTree = "<group>"; };
		2CC1594D27EC088400ED73F3 /* ReceiverRequestPage.swift */ = {isa = PBXFileReference; lastKnownFileType = sourcecode.swift; path = ReceiverRequestPage.swift; sourceTree = "<group>"; };
		2CC1594F27EC088F00ED73F3 /* ReceiverAddress.swift */ = {isa = PBXFileReference; lastKnownFileType = sourcecode.swift; path = ReceiverAddress.swift; sourceTree = "<group>"; };
		2CC1595127EC08A600ED73F3 /* HistoryMainPage.swift */ = {isa = PBXFileReference; lastKnownFileType = sourcecode.swift; path = HistoryMainPage.swift; sourceTree = "<group>"; };
		2CC1595327EC08BD00ED73F3 /* SettingMainPage.swift */ = {isa = PBXFileReference; lastKnownFileType = sourcecode.swift; path = SettingMainPage.swift; sourceTree = "<group>"; };
		2CC24FF227EB9BC5009D9C4C /* HomePage.swift */ = {isa = PBXFileReference; fileEncoding = 4; lastKnownFileType = sourcecode.swift; path = HomePage.swift; sourceTree = "<group>"; };
		2CC24FF427EB9BCD009D9C4C /* HomePushPage.swift */ = {isa = PBXFileReference; fileEncoding = 4; lastKnownFileType = sourcecode.swift; path = HomePushPage.swift; sourceTree = "<group>"; };
		347E5189532FE774161D6794 /* Pods_doFavor.framework */ = {isa = PBXFileReference; explicitFileType = wrapper.framework; includeInIndex = 0; path = Pods_doFavor.framework; sourceTree = BUILT_PRODUCTS_DIR; };
		841691FB27E6A8CE00CBFF7B /* SignUpPage.swift */ = {isa = PBXFileReference; fileEncoding = 4; lastKnownFileType = sourcecode.swift; path = SignUpPage.swift; sourceTree = "<group>"; };
		841691FF27E6A8CE00CBFF7B /* CustomNavBarStyle.swift */ = {isa = PBXFileReference; fileEncoding = 4; lastKnownFileType = sourcecode.swift; path = CustomNavBarStyle.swift; sourceTree = "<group>"; };
		8416920127E6A8CE00CBFF7B /* CustomTextFieldStyles.swift */ = {isa = PBXFileReference; fileEncoding = 4; lastKnownFileType = sourcecode.swift; path = CustomTextFieldStyles.swift; sourceTree = "<group>"; };
		8416920727E7DFEE00CBFF7B /* UserModel.swift */ = {isa = PBXFileReference; lastKnownFileType = sourcecode.swift; path = UserModel.swift; sourceTree = "<group>"; };
		8416920927E7E08600CBFF7B /* AuthViewModel.swift */ = {isa = PBXFileReference; lastKnownFileType = sourcecode.swift; path = AuthViewModel.swift; sourceTree = "<group>"; };
		8416920B27E7E81400CBFF7B /* doFavorError.swift */ = {isa = PBXFileReference; lastKnownFileType = sourcecode.swift; path = doFavorError.swift; sourceTree = "<group>"; };
		8416920D27E7EABE00CBFF7B /* AppUtils.swift */ = {isa = PBXFileReference; lastKnownFileType = sourcecode.swift; path = AppUtils.swift; sourceTree = "<group>"; };
		8416921627E9240000CBFF7B /* VerifyCodeForm.swift */ = {isa = PBXFileReference; lastKnownFileType = sourcecode.swift; path = VerifyCodeForm.swift; sourceTree = "<group>"; };
		8416921827EA2A0500CBFF7B /* AppViews.swift */ = {isa = PBXFileReference; lastKnownFileType = sourcecode.swift; path = AppViews.swift; sourceTree = "<group>"; };
		8416921C27EA364900CBFF7B /* GoogleService-Info.plist */ = {isa = PBXFileReference; fileEncoding = 4; lastKnownFileType = text.plist.xml; path = "GoogleService-Info.plist"; sourceTree = "<group>"; };
		8416922227EA6EA400CBFF7B /* doFavorActivityIndicator.swift */ = {isa = PBXFileReference; fileEncoding = 4; lastKnownFileType = sourcecode.swift; path = doFavorActivityIndicator.swift; sourceTree = "<group>"; };
		8451745927FE5028005A7DD0 /* TransactionViewModel.swift */ = {isa = PBXFileReference; lastKnownFileType = sourcecode.swift; path = TransactionViewModel.swift; sourceTree = "<group>"; };
		8451745B27FE5039005A7DD0 /* TransactionModel.swift */ = {isa = PBXFileReference; lastKnownFileType = sourcecode.swift; path = TransactionModel.swift; sourceTree = "<group>"; };
		8451745D27FF3172005A7DD0 /* doFavorMainLoadingIndicator.swift */ = {isa = PBXFileReference; lastKnownFileType = sourcecode.swift; path = doFavorMainLoadingIndicator.swift; sourceTree = "<group>"; };
		8477F83827E1667200DAEBD9 /* SampleViewModel.swift */ = {isa = PBXFileReference; lastKnownFileType = sourcecode.swift; path = SampleViewModel.swift; sourceTree = "<group>"; };
		8477F83C27E166B400DAEBD9 /* SampleModel.swift */ = {isa = PBXFileReference; lastKnownFileType = sourcecode.swift; path = SampleModel.swift; sourceTree = "<group>"; };
		8477F83E27E167D300DAEBD9 /* ExtensionsHelper.swift */ = {isa = PBXFileReference; lastKnownFileType = sourcecode.swift; path = ExtensionsHelper.swift; sourceTree = "<group>"; };
		847900D427EA84C000D245EB /* AuthForm.swift */ = {isa = PBXFileReference; lastKnownFileType = sourcecode.swift; path = AuthForm.swift; sourceTree = "<group>"; };
		847900D827EBBF9800D245EB /* Background.swift */ = {isa = PBXFileReference; lastKnownFileType = sourcecode.swift; path = Background.swift; sourceTree = "<group>"; };
		847900DC27EBC88F00D245EB /* SignUpVerify.swift */ = {isa = PBXFileReference; fileEncoding = 4; lastKnownFileType = sourcecode.swift; path = SignUpVerify.swift; sourceTree = "<group>"; };
		847900DE27EBC8FC00D245EB /* ContentView.swift */ = {isa = PBXFileReference; fileEncoding = 4; lastKnownFileType = sourcecode.swift; path = ContentView.swift; sourceTree = "<group>"; };
		84C8CE9727E165990051D01F /* Constants.swift */ = {isa = PBXFileReference; lastKnownFileType = sourcecode.swift; path = Constants.swift; sourceTree = "<group>"; };
		84EDF74927E15D8A0052022B /* doFavor.app */ = {isa = PBXFileReference; explicitFileType = wrapper.application; includeInIndex = 0; path = doFavor.app; sourceTree = BUILT_PRODUCTS_DIR; };
		84EDF74C27E15D8B0052022B /* doFavorApp.swift */ = {isa = PBXFileReference; lastKnownFileType = sourcecode.swift; path = doFavorApp.swift; sourceTree = "<group>"; };
		84EDF75027E15D8C0052022B /* Assets.xcassets */ = {isa = PBXFileReference; lastKnownFileType = folder.assetcatalog; path = Assets.xcassets; sourceTree = "<group>"; };
		84EDF75327E15D8C0052022B /* Preview Assets.xcassets */ = {isa = PBXFileReference; lastKnownFileType = folder.assetcatalog; path = "Preview Assets.xcassets"; sourceTree = "<group>"; };
		B9708F7611D69D807254D372 /* Pods-doFavor.release.xcconfig */ = {isa = PBXFileReference; includeInIndex = 1; lastKnownFileType = text.xcconfig; name = "Pods-doFavor.release.xcconfig"; path = "Target Support Files/Pods-doFavor/Pods-doFavor.release.xcconfig"; sourceTree = "<group>"; };
		FCC761024873E4EFDD7B5A32 /* Pods-doFavor.debug.xcconfig */ = {isa = PBXFileReference; includeInIndex = 1; lastKnownFileType = text.xcconfig; name = "Pods-doFavor.debug.xcconfig"; path = "Target Support Files/Pods-doFavor/Pods-doFavor.debug.xcconfig"; sourceTree = "<group>"; };
/* End PBXFileReference section */

/* Begin PBXFrameworksBuildPhase section */
		84EDF74627E15D8A0052022B /* Frameworks */ = {
			isa = PBXFrameworksBuildPhase;
			buildActionMask = 2147483647;
			files = (
				8416921327E90A6100CBFF7B /* Focuser in Frameworks */,
				34EF1FB63A4884B39FB2655A /* Pods_doFavor.framework in Frameworks */,
			);
			runOnlyForDeploymentPostprocessing = 0;
		};
/* End PBXFrameworksBuildPhase section */

/* Begin PBXGroup section */
		2C8BEAF827E9028F007E2F49 /* Auth */ = {
			isa = PBXGroup;
			children = (
				847900DE27EBC8FC00D245EB /* ContentView.swift */,
				841691FB27E6A8CE00CBFF7B /* SignUpPage.swift */,
				847900DC27EBC88F00D245EB /* SignUpVerify.swift */,
			);
			path = Auth;
			sourceTree = "<group>";
		};
		2CC1594327EBDA2500ED73F3 /* Giver */ = {
			isa = PBXGroup;
			children = (
				2CC1594427EBDA2500ED73F3 /* GiverMainPage.swift */,
				2CC1594A27EC00C900ED73F3 /* GiverDetailPage.swift */,
				2C37A84E27ED690B00C25099 /* GiverFilterSheet.swift */,
			);
			path = Giver;
			sourceTree = "<group>";
		};
		2CC1594C27EC084700ED73F3 /* Receiver */ = {
			isa = PBXGroup;
			children = (
				2CC1594D27EC088400ED73F3 /* ReceiverRequestPage.swift */,
				2CC1594F27EC088F00ED73F3 /* ReceiverAddress.swift */,
			);
			path = Receiver;
			sourceTree = "<group>";
		};
		841691FA27E6A8CE00CBFF7B /* screen */ = {
			isa = PBXGroup;
			children = (
				2CC1594C27EC084700ED73F3 /* Receiver */,
				2CC1594327EBDA2500ED73F3 /* Giver */,
				2C8BEAF827E9028F007E2F49 /* Auth */,
				2CC24FF227EB9BC5009D9C4C /* HomePage.swift */,
				2CC24FF427EB9BCD009D9C4C /* HomePushPage.swift */,
				2CC1595127EC08A600ED73F3 /* HistoryMainPage.swift */,
				2CC1595327EC08BD00ED73F3 /* SettingMainPage.swift */,
			);
			path = screen;
			sourceTree = "<group>";
		};
		841691FE27E6A8CE00CBFF7B /* navigation */ = {
			isa = PBXGroup;
			children = (
				841691FF27E6A8CE00CBFF7B /* CustomNavBarStyle.swift */,
			);
			path = navigation;
			sourceTree = "<group>";
		};
		8416920027E6A8CE00CBFF7B /* object */ = {
			isa = PBXGroup;
			children = (
				8416922227EA6EA400CBFF7B /* doFavorActivityIndicator.swift */,
				8451745D27FF3172005A7DD0 /* doFavorMainLoadingIndicator.swift */,
				8416920127E6A8CE00CBFF7B /* CustomTextFieldStyles.swift */,
				847900D827EBBF9800D245EB /* Background.swift */,
				2CC1594627EBE6C800ED73F3 /* TabbarView.swift */,
				2CC1594827EBE72F00ED73F3 /* addressSegment.swift */,
				2C37A85027ED801100C25099 /* HalfSheetDrawer.swift */,
			);
			path = object;
			sourceTree = "<group>";
		};
		8416921527E923E200CBFF7B /* FormFocus */ = {
			isa = PBXGroup;
			children = (
				8416921627E9240000CBFF7B /* VerifyCodeForm.swift */,
				847900D427EA84C000D245EB /* AuthForm.swift */,
			);
			path = FormFocus;
			sourceTree = "<group>";
		};
		84C8CE9227E165220051D01F /* View */ = {
			isa = PBXGroup;
			children = (
				841691FE27E6A8CE00CBFF7B /* navigation */,
				8416920027E6A8CE00CBFF7B /* object */,
				841691FA27E6A8CE00CBFF7B /* screen */,
			);
			path = View;
			sourceTree = "<group>";
		};
		84C8CE9327E1652B0051D01F /* Model */ = {
			isa = PBXGroup;
			children = (
				8477F83C27E166B400DAEBD9 /* SampleModel.swift */,
				8416920727E7DFEE00CBFF7B /* UserModel.swift */,
				8451745B27FE5039005A7DD0 /* TransactionModel.swift */,
			);
			path = Model;
			sourceTree = "<group>";
		};
		84C8CE9427E165340051D01F /* ViewModel */ = {
			isa = PBXGroup;
			children = (
				8477F83827E1667200DAEBD9 /* SampleViewModel.swift */,
				8416920927E7E08600CBFF7B /* AuthViewModel.swift */,
				8451745927FE5028005A7DD0 /* TransactionViewModel.swift */,
			);
			path = ViewModel;
			sourceTree = "<group>";
		};
		84C8CE9527E165460051D01F /* Services */ = {
			isa = PBXGroup;
			children = (
				84C8CE9727E165990051D01F /* Constants.swift */,
				8416920B27E7E81400CBFF7B /* doFavorError.swift */,
			);
			path = Services;
			sourceTree = "<group>";
		};
		84C8CE9627E1654B0051D01F /* Utilities */ = {
			isa = PBXGroup;
			children = (
				8416921527E923E200CBFF7B /* FormFocus */,
				8477F83E27E167D300DAEBD9 /* ExtensionsHelper.swift */,
				8416920D27E7EABE00CBFF7B /* AppUtils.swift */,
			);
			path = Utilities;
			sourceTree = "<group>";
		};
		84EDF74027E15D8A0052022B = {
			isa = PBXGroup;
			children = (
				84EDF74B27E15D8A0052022B /* doFavor */,
				84EDF74A27E15D8A0052022B /* Products */,
				AFA0869DBB3B33B97C1BD533 /* Pods */,
				995CF702ACBA704C042065FA /* Frameworks */,
			);
			sourceTree = "<group>";
		};
		84EDF74A27E15D8A0052022B /* Products */ = {
			isa = PBXGroup;
			children = (
				84EDF74927E15D8A0052022B /* doFavor.app */,
			);
			name = Products;
			sourceTree = "<group>";
		};
		84EDF74B27E15D8A0052022B /* doFavor */ = {
			isa = PBXGroup;
			children = (
				84EDF74C27E15D8B0052022B /* doFavorApp.swift */,
				8416921827EA2A0500CBFF7B /* AppViews.swift */,
				8416921C27EA364900CBFF7B /* GoogleService-Info.plist */,
				84C8CE9627E1654B0051D01F /* Utilities */,
				84C8CE9527E165460051D01F /* Services */,
				84C8CE9327E1652B0051D01F /* Model */,
				84C8CE9227E165220051D01F /* View */,
				84C8CE9427E165340051D01F /* ViewModel */,
				84EDF75027E15D8C0052022B /* Assets.xcassets */,
				84EDF75227E15D8C0052022B /* Preview Content */,
			);
			path = doFavor;
			sourceTree = "<group>";
		};
		84EDF75227E15D8C0052022B /* Preview Content */ = {
			isa = PBXGroup;
			children = (
				84EDF75327E15D8C0052022B /* Preview Assets.xcassets */,
			);
			path = "Preview Content";
			sourceTree = "<group>";
		};
		995CF702ACBA704C042065FA /* Frameworks */ = {
			isa = PBXGroup;
			children = (
				347E5189532FE774161D6794 /* Pods_doFavor.framework */,
			);
			name = Frameworks;
			sourceTree = "<group>";
		};
		AFA0869DBB3B33B97C1BD533 /* Pods */ = {
			isa = PBXGroup;
			children = (
				FCC761024873E4EFDD7B5A32 /* Pods-doFavor.debug.xcconfig */,
				B9708F7611D69D807254D372 /* Pods-doFavor.release.xcconfig */,
			);
			path = Pods;
			sourceTree = "<group>";
		};
/* End PBXGroup section */

/* Begin PBXNativeTarget section */
		84EDF74827E15D8A0052022B /* doFavor */ = {
			isa = PBXNativeTarget;
			buildConfigurationList = 84EDF75727E15D8C0052022B /* Build configuration list for PBXNativeTarget "doFavor" */;
			buildPhases = (
				414E3C40CFEFA237EC11056F /* [CP] Check Pods Manifest.lock */,
				84EDF74527E15D8A0052022B /* Sources */,
				84EDF74627E15D8A0052022B /* Frameworks */,
				84EDF74727E15D8A0052022B /* Resources */,
				6D58E98B711261658AC03930 /* [CP] Embed Pods Frameworks */,
			);
			buildRules = (
			);
			dependencies = (
			);
			name = doFavor;
			packageProductDependencies = (
				8416921227E90A6100CBFF7B /* Focuser */,
			);
			productName = doFavor;
			productReference = 84EDF74927E15D8A0052022B /* doFavor.app */;
			productType = "com.apple.product-type.application";
		};
/* End PBXNativeTarget section */

/* Begin PBXProject section */
		84EDF74127E15D8A0052022B /* Project object */ = {
			isa = PBXProject;
			attributes = {
				BuildIndependentTargetsInParallel = 1;
				LastSwiftUpdateCheck = 1330;
				LastUpgradeCheck = 1330;
				TargetAttributes = {
					84EDF74827E15D8A0052022B = {
						CreatedOnToolsVersion = 13.3;
					};
				};
			};
			buildConfigurationList = 84EDF74427E15D8A0052022B /* Build configuration list for PBXProject "doFavor" */;
			compatibilityVersion = "Xcode 13.0";
			developmentRegion = en;
			hasScannedForEncodings = 0;
			knownRegions = (
				en,
				Base,
			);
			mainGroup = 84EDF74027E15D8A0052022B;
			packageReferences = (
				8416921127E90A6100CBFF7B /* XCRemoteSwiftPackageReference "swift-focuser" */,
			);
			productRefGroup = 84EDF74A27E15D8A0052022B /* Products */;
			projectDirPath = "";
			projectRoot = "";
			targets = (
				84EDF74827E15D8A0052022B /* doFavor */,
			);
		};
/* End PBXProject section */

/* Begin PBXResourcesBuildPhase section */
		84EDF74727E15D8A0052022B /* Resources */ = {
			isa = PBXResourcesBuildPhase;
			buildActionMask = 2147483647;
			files = (
				84EDF75427E15D8C0052022B /* Preview Assets.xcassets in Resources */,
				84EDF75127E15D8C0052022B /* Assets.xcassets in Resources */,
				8416921D27EA364900CBFF7B /* GoogleService-Info.plist in Resources */,
			);
			runOnlyForDeploymentPostprocessing = 0;
		};
/* End PBXResourcesBuildPhase section */

/* Begin PBXShellScriptBuildPhase section */
		414E3C40CFEFA237EC11056F /* [CP] Check Pods Manifest.lock */ = {
			isa = PBXShellScriptBuildPhase;
			buildActionMask = 2147483647;
			files = (
			);
			inputFileListPaths = (
			);
			inputPaths = (
				"${PODS_PODFILE_DIR_PATH}/Podfile.lock",
				"${PODS_ROOT}/Manifest.lock",
			);
			name = "[CP] Check Pods Manifest.lock";
			outputFileListPaths = (
			);
			outputPaths = (
				"$(DERIVED_FILE_DIR)/Pods-doFavor-checkManifestLockResult.txt",
			);
			runOnlyForDeploymentPostprocessing = 0;
			shellPath = /bin/sh;
			shellScript = "diff \"${PODS_PODFILE_DIR_PATH}/Podfile.lock\" \"${PODS_ROOT}/Manifest.lock\" > /dev/null\nif [ $? != 0 ] ; then\n    # print error to STDERR\n    echo \"error: The sandbox is not in sync with the Podfile.lock. Run 'pod install' or update your CocoaPods installation.\" >&2\n    exit 1\nfi\n# This output is used by Xcode 'outputs' to avoid re-running this script phase.\necho \"SUCCESS\" > \"${SCRIPT_OUTPUT_FILE_0}\"\n";
			showEnvVarsInLog = 0;
		};
		6D58E98B711261658AC03930 /* [CP] Embed Pods Frameworks */ = {
			isa = PBXShellScriptBuildPhase;
			buildActionMask = 2147483647;
			files = (
			);
			inputFileListPaths = (
				"${PODS_ROOT}/Target Support Files/Pods-doFavor/Pods-doFavor-frameworks-${CONFIGURATION}-input-files.xcfilelist",
			);
			name = "[CP] Embed Pods Frameworks";
			outputFileListPaths = (
				"${PODS_ROOT}/Target Support Files/Pods-doFavor/Pods-doFavor-frameworks-${CONFIGURATION}-output-files.xcfilelist",
			);
			runOnlyForDeploymentPostprocessing = 0;
			shellPath = /bin/sh;
			shellScript = "\"${PODS_ROOT}/Target Support Files/Pods-doFavor/Pods-doFavor-frameworks.sh\"\n";
			showEnvVarsInLog = 0;
		};
/* End PBXShellScriptBuildPhase section */

/* Begin PBXSourcesBuildPhase section */
		84EDF74527E15D8A0052022B /* Sources */ = {
			isa = PBXSourcesBuildPhase;
			buildActionMask = 2147483647;
			files = (
				8416922327EA6EA500CBFF7B /* doFavorActivityIndicator.swift in Sources */,
				2CC1594E27EC088400ED73F3 /* ReceiverRequestPage.swift in Sources */,
				8477F83F27E167D300DAEBD9 /* ExtensionsHelper.swift in Sources */,
				847900DF27EBC8FC00D245EB /* ContentView.swift in Sources */,
				8477F83D27E166B400DAEBD9 /* SampleModel.swift in Sources */,
				2C37A84F27ED690B00C25099 /* GiverFilterSheet.swift in Sources */,
				2CC24FF527EB9BCD009D9C4C /* HomePushPage.swift in Sources */,
				8451745A27FE5028005A7DD0 /* TransactionViewModel.swift in Sources */,
				84EDF74D27E15D8B0052022B /* doFavorApp.swift in Sources */,
				8416921727E9240000CBFF7B /* VerifyCodeForm.swift in Sources */,
				8477F83927E1667200DAEBD9 /* SampleViewModel.swift in Sources */,
				847900D927EBBF9800D245EB /* Background.swift in Sources */,
				8451745C27FE5039005A7DD0 /* TransactionModel.swift in Sources */,
				8416920E27E7EABE00CBFF7B /* AppUtils.swift in Sources */,
				2CC24FF327EB9BC5009D9C4C /* HomePage.swift in Sources */,
				2CC1594527EBDA2500ED73F3 /* GiverMainPage.swift in Sources */,
				8416920527E6A8CE00CBFF7B /* CustomNavBarStyle.swift in Sources */,
				8451745E27FF3172005A7DD0 /* doFavorMainLoadingIndicator.swift in Sources */,
				2CC1594B27EC00C900ED73F3 /* GiverDetailPage.swift in Sources */,
				84C8CE9827E165990051D01F /* Constants.swift in Sources */,
				8416920227E6A8CE00CBFF7B /* SignUpPage.swift in Sources */,
				8416920627E6A8CE00CBFF7B /* CustomTextFieldStyles.swift in Sources */,
				2CC1594927EBE72F00ED73F3 /* addressSegment.swift in Sources */,
				2CC1595027EC088F00ED73F3 /* ReceiverAddress.swift in Sources */,
				2CC1595227EC08A600ED73F3 /* HistoryMainPage.swift in Sources */,
				8416921927EA2A0500CBFF7B /* AppViews.swift in Sources */,
				2CC1595427EC08BD00ED73F3 /* SettingMainPage.swift in Sources */,
				847900D527EA84C000D245EB /* AuthForm.swift in Sources */,
				8416920A27E7E08600CBFF7B /* AuthViewModel.swift in Sources */,
				2C37A85127ED801100C25099 /* HalfSheetDrawer.swift in Sources */,
				8416920C27E7E81400CBFF7B /* doFavorError.swift in Sources */,
				8416920827E7DFEE00CBFF7B /* UserModel.swift in Sources */,
				847900DD27EBC88F00D245EB /* SignUpVerify.swift in Sources */,
				2CC1594727EBE6C800ED73F3 /* TabbarView.swift in Sources */,
			);
			runOnlyForDeploymentPostprocessing = 0;
		};
/* End PBXSourcesBuildPhase section */

/* Begin XCBuildConfiguration section */
		84EDF75527E15D8C0052022B /* Debug */ = {
			isa = XCBuildConfiguration;
			buildSettings = {
				ALWAYS_SEARCH_USER_PATHS = NO;
				CLANG_ANALYZER_NONNULL = YES;
				CLANG_ANALYZER_NUMBER_OBJECT_CONVERSION = YES_AGGRESSIVE;
				CLANG_CXX_LANGUAGE_STANDARD = "gnu++17";
				CLANG_ENABLE_MODULES = YES;
				CLANG_ENABLE_OBJC_ARC = YES;
				CLANG_ENABLE_OBJC_WEAK = YES;
				CLANG_WARN_BLOCK_CAPTURE_AUTORELEASING = YES;
				CLANG_WARN_BOOL_CONVERSION = YES;
				CLANG_WARN_COMMA = YES;
				CLANG_WARN_CONSTANT_CONVERSION = YES;
				CLANG_WARN_DEPRECATED_OBJC_IMPLEMENTATIONS = YES;
				CLANG_WARN_DIRECT_OBJC_ISA_USAGE = YES_ERROR;
				CLANG_WARN_DOCUMENTATION_COMMENTS = YES;
				CLANG_WARN_EMPTY_BODY = YES;
				CLANG_WARN_ENUM_CONVERSION = YES;
				CLANG_WARN_INFINITE_RECURSION = YES;
				CLANG_WARN_INT_CONVERSION = YES;
				CLANG_WARN_NON_LITERAL_NULL_CONVERSION = YES;
				CLANG_WARN_OBJC_IMPLICIT_RETAIN_SELF = YES;
				CLANG_WARN_OBJC_LITERAL_CONVERSION = YES;
				CLANG_WARN_OBJC_ROOT_CLASS = YES_ERROR;
				CLANG_WARN_QUOTED_INCLUDE_IN_FRAMEWORK_HEADER = YES;
				CLANG_WARN_RANGE_LOOP_ANALYSIS = YES;
				CLANG_WARN_STRICT_PROTOTYPES = YES;
				CLANG_WARN_SUSPICIOUS_MOVE = YES;
				CLANG_WARN_UNGUARDED_AVAILABILITY = YES_AGGRESSIVE;
				CLANG_WARN_UNREACHABLE_CODE = YES;
				CLANG_WARN__DUPLICATE_METHOD_MATCH = YES;
				COPY_PHASE_STRIP = NO;
				DEBUG_INFORMATION_FORMAT = dwarf;
				ENABLE_STRICT_OBJC_MSGSEND = YES;
				ENABLE_TESTABILITY = YES;
				GCC_C_LANGUAGE_STANDARD = gnu11;
				GCC_DYNAMIC_NO_PIC = NO;
				GCC_NO_COMMON_BLOCKS = YES;
				GCC_OPTIMIZATION_LEVEL = 0;
				GCC_PREPROCESSOR_DEFINITIONS = (
					"DEBUG=1",
					"$(inherited)",
				);
				GCC_WARN_64_TO_32_BIT_CONVERSION = YES;
				GCC_WARN_ABOUT_RETURN_TYPE = YES_ERROR;
				GCC_WARN_UNDECLARED_SELECTOR = YES;
				GCC_WARN_UNINITIALIZED_AUTOS = YES_AGGRESSIVE;
				GCC_WARN_UNUSED_FUNCTION = YES;
				GCC_WARN_UNUSED_VARIABLE = YES;
				IPHONEOS_DEPLOYMENT_TARGET = 14.0;
				MTL_ENABLE_DEBUG_INFO = INCLUDE_SOURCE;
				MTL_FAST_MATH = YES;
				ONLY_ACTIVE_ARCH = YES;
				SDKROOT = iphoneos;
				SWIFT_ACTIVE_COMPILATION_CONDITIONS = DEBUG;
				SWIFT_OPTIMIZATION_LEVEL = "-Onone";
			};
			name = Debug;
		};
		84EDF75627E15D8C0052022B /* Release */ = {
			isa = XCBuildConfiguration;
			buildSettings = {
				ALWAYS_SEARCH_USER_PATHS = NO;
				CLANG_ANALYZER_NONNULL = YES;
				CLANG_ANALYZER_NUMBER_OBJECT_CONVERSION = YES_AGGRESSIVE;
				CLANG_CXX_LANGUAGE_STANDARD = "gnu++17";
				CLANG_ENABLE_MODULES = YES;
				CLANG_ENABLE_OBJC_ARC = YES;
				CLANG_ENABLE_OBJC_WEAK = YES;
				CLANG_WARN_BLOCK_CAPTURE_AUTORELEASING = YES;
				CLANG_WARN_BOOL_CONVERSION = YES;
				CLANG_WARN_COMMA = YES;
				CLANG_WARN_CONSTANT_CONVERSION = YES;
				CLANG_WARN_DEPRECATED_OBJC_IMPLEMENTATIONS = YES;
				CLANG_WARN_DIRECT_OBJC_ISA_USAGE = YES_ERROR;
				CLANG_WARN_DOCUMENTATION_COMMENTS = YES;
				CLANG_WARN_EMPTY_BODY = YES;
				CLANG_WARN_ENUM_CONVERSION = YES;
				CLANG_WARN_INFINITE_RECURSION = YES;
				CLANG_WARN_INT_CONVERSION = YES;
				CLANG_WARN_NON_LITERAL_NULL_CONVERSION = YES;
				CLANG_WARN_OBJC_IMPLICIT_RETAIN_SELF = YES;
				CLANG_WARN_OBJC_LITERAL_CONVERSION = YES;
				CLANG_WARN_OBJC_ROOT_CLASS = YES_ERROR;
				CLANG_WARN_QUOTED_INCLUDE_IN_FRAMEWORK_HEADER = YES;
				CLANG_WARN_RANGE_LOOP_ANALYSIS = YES;
				CLANG_WARN_STRICT_PROTOTYPES = YES;
				CLANG_WARN_SUSPICIOUS_MOVE = YES;
				CLANG_WARN_UNGUARDED_AVAILABILITY = YES_AGGRESSIVE;
				CLANG_WARN_UNREACHABLE_CODE = YES;
				CLANG_WARN__DUPLICATE_METHOD_MATCH = YES;
				COPY_PHASE_STRIP = NO;
				DEBUG_INFORMATION_FORMAT = "dwarf-with-dsym";
				ENABLE_NS_ASSERTIONS = NO;
				ENABLE_STRICT_OBJC_MSGSEND = YES;
				GCC_C_LANGUAGE_STANDARD = gnu11;
				GCC_NO_COMMON_BLOCKS = YES;
				GCC_WARN_64_TO_32_BIT_CONVERSION = YES;
				GCC_WARN_ABOUT_RETURN_TYPE = YES_ERROR;
				GCC_WARN_UNDECLARED_SELECTOR = YES;
				GCC_WARN_UNINITIALIZED_AUTOS = YES_AGGRESSIVE;
				GCC_WARN_UNUSED_FUNCTION = YES;
				GCC_WARN_UNUSED_VARIABLE = YES;
				IPHONEOS_DEPLOYMENT_TARGET = 14.0;
				MTL_ENABLE_DEBUG_INFO = NO;
				MTL_FAST_MATH = YES;
				SDKROOT = iphoneos;
				SWIFT_COMPILATION_MODE = wholemodule;
				SWIFT_OPTIMIZATION_LEVEL = "-O";
				VALIDATE_PRODUCT = YES;
			};
			name = Release;
		};
		84EDF75827E15D8C0052022B /* Debug */ = {
			isa = XCBuildConfiguration;
			baseConfigurationReference = FCC761024873E4EFDD7B5A32 /* Pods-doFavor.debug.xcconfig */;
			buildSettings = {
				ASSETCATALOG_COMPILER_APPICON_NAME = AppIcon;
				ASSETCATALOG_COMPILER_GLOBAL_ACCENT_COLOR_NAME = AccentColor;
				CODE_SIGN_STYLE = Automatic;
				CURRENT_PROJECT_VERSION = 1;
				DEVELOPMENT_ASSET_PATHS = "\"doFavor/Preview Content\"";
				DEVELOPMENT_TEAM = 8348YNSNZ6;
				ENABLE_PREVIEWS = YES;
				GENERATE_INFOPLIST_FILE = YES;
				INFOPLIST_KEY_UIApplicationSceneManifest_Generation = YES;
				INFOPLIST_KEY_UIApplicationSupportsIndirectInputEvents = YES;
				INFOPLIST_KEY_UILaunchScreen_Generation = YES;
				INFOPLIST_KEY_UISupportedInterfaceOrientations = UIInterfaceOrientationPortrait;
				INFOPLIST_KEY_UISupportedInterfaceOrientations_iPhone = "UIInterfaceOrientationPortrait UIInterfaceOrientationLandscapeLeft UIInterfaceOrientationLandscapeRight";
				INFOPLIST_KEY_UIUserInterfaceStyle = Light;
				IPHONEOS_DEPLOYMENT_TARGET = 14.0;
				LD_RUNPATH_SEARCH_PATHS = (
					"$(inherited)",
					"@executable_path/Frameworks",
				);
				MARKETING_VERSION = 1.0;
				PRODUCT_BUNDLE_IDENTIFIER = "com.Phakkharachate-Thananut.doFavor";
				PRODUCT_NAME = "$(TARGET_NAME)";
				SWIFT_EMIT_LOC_STRINGS = YES;
				SWIFT_VERSION = 5.0;
				TARGETED_DEVICE_FAMILY = 1;
			};
			name = Debug;
		};
		84EDF75927E15D8C0052022B /* Release */ = {
			isa = XCBuildConfiguration;
			baseConfigurationReference = B9708F7611D69D807254D372 /* Pods-doFavor.release.xcconfig */;
			buildSettings = {
				ASSETCATALOG_COMPILER_APPICON_NAME = AppIcon;
				ASSETCATALOG_COMPILER_GLOBAL_ACCENT_COLOR_NAME = AccentColor;
				CODE_SIGN_STYLE = Automatic;
				CURRENT_PROJECT_VERSION = 1;
				DEVELOPMENT_ASSET_PATHS = "\"doFavor/Preview Content\"";
				DEVELOPMENT_TEAM = 8348YNSNZ6;
				ENABLE_PREVIEWS = YES;
				GENERATE_INFOPLIST_FILE = YES;
				INFOPLIST_KEY_UIApplicationSceneManifest_Generation = YES;
				INFOPLIST_KEY_UIApplicationSupportsIndirectInputEvents = YES;
				INFOPLIST_KEY_UILaunchScreen_Generation = YES;
				INFOPLIST_KEY_UISupportedInterfaceOrientations = UIInterfaceOrientationPortrait;
				INFOPLIST_KEY_UISupportedInterfaceOrientations_iPhone = "UIInterfaceOrientationPortrait UIInterfaceOrientationLandscapeLeft UIInterfaceOrientationLandscapeRight";
				INFOPLIST_KEY_UIUserInterfaceStyle = Light;
				IPHONEOS_DEPLOYMENT_TARGET = 14.0;
				LD_RUNPATH_SEARCH_PATHS = (
					"$(inherited)",
					"@executable_path/Frameworks",
				);
				MARKETING_VERSION = 1.0;
				PRODUCT_BUNDLE_IDENTIFIER = "com.Phakkharachate-Thananut.doFavor";
				PRODUCT_NAME = "$(TARGET_NAME)";
				SWIFT_EMIT_LOC_STRINGS = YES;
				SWIFT_VERSION = 5.0;
				TARGETED_DEVICE_FAMILY = 1;
			};
			name = Release;
		};
/* End XCBuildConfiguration section */

/* Begin XCConfigurationList section */
		84EDF74427E15D8A0052022B /* Build configuration list for PBXProject "doFavor" */ = {
			isa = XCConfigurationList;
			buildConfigurations = (
				84EDF75527E15D8C0052022B /* Debug */,
				84EDF75627E15D8C0052022B /* Release */,
			);
			defaultConfigurationIsVisible = 0;
			defaultConfigurationName = Release;
		};
		84EDF75727E15D8C0052022B /* Build configuration list for PBXNativeTarget "doFavor" */ = {
			isa = XCConfigurationList;
			buildConfigurations = (
				84EDF75827E15D8C0052022B /* Debug */,
				84EDF75927E15D8C0052022B /* Release */,
			);
			defaultConfigurationIsVisible = 0;
			defaultConfigurationName = Release;
		};
/* End XCConfigurationList section */

/* Begin XCRemoteSwiftPackageReference section */
		8416921127E90A6100CBFF7B /* XCRemoteSwiftPackageReference "swift-focuser" */ = {
			isa = XCRemoteSwiftPackageReference;
			repositoryURL = "https://github.com/art-technologies/swift-focuser";
			requirement = {
				kind = upToNextMajorVersion;
				minimumVersion = 0.2.0;
			};
		};
/* End XCRemoteSwiftPackageReference section */

/* Begin XCSwiftPackageProductDependency section */
		8416921227E90A6100CBFF7B /* Focuser */ = {
			isa = XCSwiftPackageProductDependency;
			package = 8416921127E90A6100CBFF7B /* XCRemoteSwiftPackageReference "swift-focuser" */;
			productName = Focuser;
		};
/* End XCSwiftPackageProductDependency section */
	};
	rootObject = 84EDF74127E15D8A0052022B /* Project object */;
}
